{
  "originHash" : "578cb1972fe2ae9766ede9f596930ef682805ccc77f07519b22a907d37c36bcc",
  "pins" : [
    {
      "identity" : "codemirror-swiftui",
      "kind" : "remoteSourceControl",
      "location" : "https://github.com/hengfeiyang/CodeMirror-SwiftUI",
      "state" : {
        "branch" : "main",
        "revision" : "d12c60915a7e8b3994cd3e3470f330b47ca69318"
      }
    }
  ],
  "version" : 3
}
