// !$*UTF8*$!
{
	archiveVersion = 1;
	classes = {
	};
	objectVersion = 56;
	objects = {

/* Begin PBXBuildFile section */
		7BADF8733C7C4EB4B3C07E84 /* HexStringConverterView.swift in Sources */ = {isa = PBXBuildFile; fileRef = C66E3643B7264A049FA9EFDF /* HexStringConverterView.swift */; };
		813459522E8A95EA003222BC /* FeatureManager.swift in Sources */ = {isa = PBXBuildFile; fileRef = 813459512E8A95EA003222BC /* FeatureManager.swift */; };
		813459542E8A95FA003222BC /* FeatureSettingsView.swift in Sources */ = {isa = PBXBuildFile; fileRef = 813459532E8A95FA003222BC /* FeatureSettingsView.swift */; };
		816683E92EADF7E70050027B /* AVSpeechService.swift in Sources */ = {isa = PBXBuildFile; fileRef = 816683E82EADF7E70050027B /* AVSpeechService.swift */; };
		816683EC2EADF7FC0050027B /* SpeakerMotionView.swift in Sources */ = {isa = PBXBuildFile; fileRef = 816683EB2EADF7FC0050027B /* SpeakerMotionView.swift */; };
		816683ED2EADF7FC0050027B /* SpeakerButton.swift in Sources */ = {isa = PBXBuildFile; fileRef = 816683EA2EADF7FC0050027B /* SpeakerButton.swift */; };
		818449F62E90D8E200398FEC /* DevUtilitiesApp.swift in Sources */ = {isa = PBXBuildFile; fileRef = 818449F52E90D8E200398FEC /* DevUtilitiesApp.swift */; };
		8191E97B2EA524730035ADC7 /* ColorPickerView.swift in Sources */ = {isa = PBXBuildFile; fileRef = 8191E97A2EA524730035ADC7 /* ColorPickerView.swift */; };
		81E0D1EE2E8D518E00F2A91A /* TranslationLanguage.swift in Sources */ = {isa = PBXBuildFile; fileRef = 81E0D1EB2E8D518E00F2A91A /* TranslationLanguage.swift */; };
		81E0D1EF2E8D518E00F2A91A /* TranslationPrompts.swift in Sources */ = {isa = PBXBuildFile; fileRef = 81E0D1ED2E8D518E00F2A91A /* TranslationPrompts.swift */; };
		81E0D1F12E8D518E00F2A91A /* TranslationMode.swift in Sources */ = {isa = PBXBuildFile; fileRef = 81E0D1EC2E8D518E00F2A91A /* TranslationMode.swift */; };
		81E0D1F32E8D51B200F2A91A /* AITranslateView.swift in Sources */ = {isa = PBXBuildFile; fileRef = 81E0D1F22E8D51B200F2A91A /* AITranslateView.swift */; };
		84B700DDC3D540AA80A1F943 /* BaseConverterView.swift in Sources */ = {isa = PBXBuildFile; fileRef = BB51B2D620B842BA9AEC226E /* BaseConverterView.swift */; };
		9332C0382E589984009E68BE /* CodeMirror-SwiftUI in Frameworks */ = {isa = PBXBuildFile; productRef = 9332C0372E589984009E68BE /* CodeMirror-SwiftUI */; };
		9332C0392E589984009E68BE /* CodeMirror-SwiftUI in Embed Frameworks */ = {isa = PBXBuildFile; productRef = 9332C0372E589984009E68BE /* CodeMirror-SwiftUI */; settings = {ATTRIBUTES = (CodeSignOnCopy, ); }; };
		934569062E5FFCD600491835 /* UpdateChecker.swift in Sources */ = {isa = PBXBuildFile; fileRef = 934569042E5FFCD600491835 /* UpdateChecker.swift */; };
		934569072E5FFCD600491835 /* VersionComparator.swift in Sources */ = {isa = PBXBuildFile; fileRef = 934569052E5FFCD600491835 /* VersionComparator.swift */; };
		9394F25B2E6290750069D7B9 /* MarkdownUI in Frameworks */ = {isa = PBXBuildFile; productRef = 9394F25A2E6290750069D7B9 /* MarkdownUI */; };
		93A6A9212E588B98006A2798 /* Constants.swift in Sources */ = {isa = PBXBuildFile; fileRef = 93A6A9202E588B98006A2798 /* Constants.swift */; };
		93B179242E6EF63C00A6B491 /* MarkdownTheme.swift in Sources */ = {isa = PBXBuildFile; fileRef = 93B179232E6EF62A00A6B491 /* MarkdownTheme.swift */; };
		93B500A02E5D81D500F38E50 /* ParquetViewer.swift in Sources */ = {isa = PBXBuildFile; fileRef = 93B5009E2E5D81D500F38E50 /* ParquetViewer.swift */; };
		93B500A12E5D81D500F38E50 /* libparquet_viewer.dylib in Frameworks */ = {isa = PBXBuildFile; fileRef = 93B5009C2E5D81D500F38E50 /* libparquet_viewer.dylib */; };
		93B500A22E5D81EB00F38E50 /* libparquet_viewer.dylib in Embed Frameworks */ = {isa = PBXBuildFile; fileRef = 93B5009C2E5D81D500F38E50 /* libparquet_viewer.dylib */; settings = {ATTRIBUTES = (CodeSignOnCopy, ); }; };
		93B55B4E2E5EF944001ECD91 /* EventBatchProcessor.swift in Sources */ = {isa = PBXBuildFile; fileRef = 93B55B492E5EF944001ECD91 /* EventBatchProcessor.swift */; };
		93B55B4F2E5EF944001ECD91 /* EventStorage.swift in Sources */ = {isa = PBXBuildFile; fileRef = 93B55B4C2E5EF944001ECD91 /* EventStorage.swift */; };
		93B55B502E5EF944001ECD91 /* EventManager.swift in Sources */ = {isa = PBXBuildFile; fileRef = 93B55B4A2E5EF944001ECD91 /* EventManager.swift */; };
		93B55B512E5EF944001ECD91 /* AppEvent.swift in Sources */ = {isa = PBXBuildFile; fileRef = 93B55B482E5EF944001ECD91 /* AppEvent.swift */; };
		93B55B522E5EF944001ECD91 /* EventNetworkService.swift in Sources */ = {isa = PBXBuildFile; fileRef = 93B55B4B2E5EF944001ECD91 /* EventNetworkService.swift */; };
		93C47C912E3312690069B278 /* IPQueryView.swift in Sources */ = {isa = PBXBuildFile; fileRef = B822A4CAC32A426BA9E4E438123457 /* IPQueryView.swift */; };
		93C47C932E3312A00069B278 /* CodeEditor.swift in Sources */ = {isa = PBXBuildFile; fileRef = 93C47C922E3312A00069B278 /* CodeEditor.swift */; };
		93CECFE52E612F2000F5A131 /* AIModels.swift in Sources */ = {isa = PBXBuildFile; fileRef = 93CECFE42E612F2000F5A131 /* AIModels.swift */; };
		93CECFE82E612F2B00F5A131 /* AISettingsView.swift in Sources */ = {isa = PBXBuildFile; fileRef = 93CECFE72E612F2B00F5A131 /* AISettingsView.swift */; };
		93CECFE92E612F2B00F5A131 /* AIChatView.swift in Sources */ = {isa = PBXBuildFile; fileRef = 93CECFE62E612F2B00F5A131 /* AIChatView.swift */; };
		93CECFEB2E612F3400F5A131 /* ChatManager.swift in Sources */ = {isa = PBXBuildFile; fileRef = 93CECFEA2E612F3400F5A131 /* ChatManager.swift */; };
		93DB98A32E635E5200E70747 /* ImageStorageService.swift in Sources */ = {isa = PBXBuildFile; fileRef = 93DB98A22E635E5200E70747 /* ImageStorageService.swift */; };
		93DE0EA82E7AB9F200731598 /* AIProvider.swift in Sources */ = {isa = PBXBuildFile; fileRef = 93DE0EA72E7AB9F200731598 /* AIProvider.swift */; };
		93DE0EAA2E7ABA0300731598 /* ProviderManager.swift in Sources */ = {isa = PBXBuildFile; fileRef = 93DE0EA92E7ABA0300731598 /* ProviderManager.swift */; };
		93DE0EAF2E7ABA1900731598 /* AIProviderDetailView.swift in Sources */ = {isa = PBXBuildFile; fileRef = 93DE0EAD2E7ABA1900731598 /* AIProviderDetailView.swift */; };
		93DE0EB02E7ABA1900731598 /* AIProviderSettingsView.swift in Sources */ = {isa = PBXBuildFile; fileRef = 93DE0EAE2E7ABA1900731598 /* AIProviderSettingsView.swift */; };
		93DE0EB12E7ABA1900731598 /* AddModelView.swift in Sources */ = {isa = PBXBuildFile; fileRef = 93DE0EAB2E7ABA1900731598 /* AddModelView.swift */; };
		93DE0EB22E7ABA1900731598 /* AddProviderView.swift in Sources */ = {isa = PBXBuildFile; fileRef = 93DE0EAC2E7ABA1900731598 /* AddProviderView.swift */; };
		B41BCA88D09D488EA2A4ABAC /* CryptoToolsView.swift in Sources */ = {isa = PBXBuildFile; fileRef = B41BCA88D09D488EA2A4ABAB /* CryptoToolsView.swift */; };
		D5475F403A461C2C5A1B3000123456 /* RandomStringGenerator.swift in Sources */ = {isa = PBXBuildFile; fileRef = D50B1BC668DF802C5A1B3000123456 /* RandomStringGenerator.swift */; };
		D55EA880013AC12C5A1B3000123456 /* RandomStringConfig.swift in Sources */ = {isa = PBXBuildFile; fileRef = D53C36719A405D2C5A1B3000123456 /* RandomStringConfig.swift */; };
		D5D7233B349D652C5A1B3000123456 /* RandomStringView.swift in Sources */ = {isa = PBXBuildFile; fileRef = D59F4A10B6E7B92C5A1B3000123456 /* RandomStringView.swift */; };
		D5F4E7F62C5A1B2E00123456 /* ContentView.swift in Sources */ = {isa = PBXBuildFile; fileRef = D5F4E7F52C5A1B2E00123456 /* ContentView.swift */; };
		D5F4E7F82C5A1B2F00123456 /* Assets.xcassets in Resources */ = {isa = PBXBuildFile; fileRef = D5F4E7F72C5A1B2F00123456 /* Assets.xcassets */; };
		D5F4E7FB2C5A1B2F00123456 /* Preview Assets.xcassets in Resources */ = {isa = PBXBuildFile; fileRef = D5F4E7FA2C5A1B2F00123456 /* Preview Assets.xcassets */; };
		D5F4E8022C5A1B3000123456 /* TimestampConverterView.swift in Sources */ = {isa = PBXBuildFile; fileRef = D5F4E8012C5A1B3000123456 /* TimestampConverterView.swift */; };
		D5F4E8042C5A1B3000123456 /* UnitConverterView.swift in Sources */ = {isa = PBXBuildFile; fileRef = D5F4E8032C5A1B3000123456 /* UnitConverterView.swift */; };
		D5F4E8062C5A1B3000123456 /* JSONFormatterView.swift in Sources */ = {isa = PBXBuildFile; fileRef = D5F4E8052C5A1B3000123456 /* JSONFormatterView.swift */; };
		D5F4E8082C5A1B3000123456 /* Base64View.swift in Sources */ = {isa = PBXBuildFile; fileRef = D5F4E8072C5A1B3000123456 /* Base64View.swift */; };
		D5F4E80C2C5A1B3000123456 /* RegexTestView.swift in Sources */ = {isa = PBXBuildFile; fileRef = D5F4E80B2C5A1B3000123456 /* RegexTestView.swift */; };
		D5F4E80E2C5A1B3000123456 /* UUIDGeneratorView.swift in Sources */ = {isa = PBXBuildFile; fileRef = D5F4E80D2C5A1B3000123456 /* UUIDGeneratorView.swift */; };
		D5F4E8102C5A1B3000123456 /* URLToolsView.swift in Sources */ = {isa = PBXBuildFile; fileRef = D5F4E80F2C5A1B3000123456 /* URLToolsView.swift */; };
		D5F4E8122C5A1B3000123456 /* ToolType.swift in Sources */ = {isa = PBXBuildFile; fileRef = D5F4E8112C5A1B3000123456 /* ToolType.swift */; };
		D5F4E8162C5A1B3000123456 /* TextEditor.swift in Sources */ = {isa = PBXBuildFile; fileRef = D5F4E8172C5A1B3000123456 /* TextEditor.swift */; };
		HTML8E8092C5A1B3000123456 /* HTMLFormatterView.swift in Sources */ = {isa = PBXBuildFile; fileRef = HTML8E8082C5A1B3000123456 /* HTMLFormatterView.swift */; };
		HTTP4E7F2C5A1B3000654321 /* HTTPRequestView.swift in Sources */ = {isa = PBXBuildFile; fileRef = HTTP4E7F2C5A1B3000654322 /* HTTPRequestView.swift */; };
		JWT4E8102C5A1B3000765432 /* JWTView.swift in Sources */ = {isa = PBXBuildFile; fileRef = JWT4E8112C5A1B3000765432 /* JWTView.swift */; };
		PQ3DE90A2C5A1B3000234567 /* ParquetViewerView.swift in Sources */ = {isa = PBXBuildFile; fileRef = PQ3DE9092C5A1B3000234567 /* ParquetViewerView.swift */; };
		QR2CE8092C5A1B3000123456 /* QRCodeView.swift in Sources */ = {isa = PBXBuildFile; fileRef = QR2CE8082C5A1B3000123456 /* QRCodeView.swift */; };
		SQL8E8092C5A1B3000123457 /* SQLFormatterView.swift in Sources */ = {isa = PBXBuildFile; fileRef = SQL8E8082C5A1B3000123457 /* SQLFormatterView.swift */; };
/* End PBXBuildFile section */

/* Begin PBXCopyFilesBuildPhase section */
		930D8A462E328B4B00D2DC16 /* Embed Frameworks */ = {
			isa = PBXCopyFilesBuildPhase;
			buildActionMask = 2147483647;
			dstPath = "";
			dstSubfolderSpec = 10;
			files = (
				9332C0392E589984009E68BE /* CodeMirror-SwiftUI in Embed Frameworks */,
				93B500A22E5D81EB00F38E50 /* libparquet_viewer.dylib in Embed Frameworks */,
			);
			name = "Embed Frameworks";
			runOnlyForDeploymentPostprocessing = 0;
		};
/* End PBXCopyFilesBuildPhase section */

/* Begin PBXFileReference section */
		813459512E8A95EA003222BC /* FeatureManager.swift */ = {isa = PBXFileReference; lastKnownFileType = sourcecode.swift; path = FeatureManager.swift; sourceTree = "<group>"; };
		813459532E8A95FA003222BC /* FeatureSettingsView.swift */ = {isa = PBXFileReference; lastKnownFileType = sourcecode.swift; path = FeatureSettingsView.swift; sourceTree = "<group>"; };
		816683E82EADF7E70050027B /* AVSpeechService.swift */ = {isa = PBXFileReference; lastKnownFileType = sourcecode.swift; path = AVSpeechService.swift; sourceTree = "<group>"; };
		816683EA2EADF7FC0050027B /* SpeakerButton.swift */ = {isa = PBXFileReference; lastKnownFileType = sourcecode.swift; path = SpeakerButton.swift; sourceTree = "<group>"; };
		816683EB2EADF7FC0050027B /* SpeakerMotionView.swift */ = {isa = PBXFileReference; lastKnownFileType = sourcecode.swift; path = SpeakerMotionView.swift; sourceTree = "<group>"; };
		818449F42E90D8E200398FEC /* DevUtilities.entitlements */ = {isa = PBXFileReference; lastKnownFileType = text.plist.entitlements; path = DevUtilities.entitlements; sourceTree = "<group>"; };
		818449F52E90D8E200398FEC /* DevUtilitiesApp.swift */ = {isa = PBXFileReference; lastKnownFileType = sourcecode.swift; path = DevUtilitiesApp.swift; sourceTree = "<group>"; };
		8191E97A2EA524730035ADC7 /* ColorPickerView.swift */ = {isa = PBXFileReference; lastKnownFileType = sourcecode.swift; path = ColorPickerView.swift; sourceTree = "<group>"; };
		81E0D1EB2E8D518E00F2A91A /* TranslationLanguage.swift */ = {isa = PBXFileReference; lastKnownFileType = sourcecode.swift; path = TranslationLanguage.swift; sourceTree = "<group>"; };
		81E0D1EC2E8D518E00F2A91A /* TranslationMode.swift */ = {isa = PBXFileReference; lastKnownFileType = sourcecode.swift; path = TranslationMode.swift; sourceTree = "<group>"; };
		81E0D1ED2E8D518E00F2A91A /* TranslationPrompts.swift */ = {isa = PBXFileReference; lastKnownFileType = sourcecode.swift; path = TranslationPrompts.swift; sourceTree = "<group>"; };
		81E0D1F22E8D51B200F2A91A /* AITranslateView.swift */ = {isa = PBXFileReference; lastKnownFileType = sourcecode.swift; path = AITranslateView.swift; sourceTree = "<group>"; };
		9335BB142E66BC3E00C1AE74 /* Info.plist */ = {isa = PBXFileReference; lastKnownFileType = text.plist; path = Info.plist; sourceTree = "<group>"; };
		934569042E5FFCD600491835 /* UpdateChecker.swift */ = {isa = PBXFileReference; lastKnownFileType = sourcecode.swift; path = UpdateChecker.swift; sourceTree = "<group>"; };
		934569052E5FFCD600491835 /* VersionComparator.swift */ = {isa = PBXFileReference; lastKnownFileType = sourcecode.swift; path = VersionComparator.swift; sourceTree = "<group>"; };
		93A6A9202E588B98006A2798 /* Constants.swift */ = {isa = PBXFileReference; lastKnownFileType = sourcecode.swift; path = Constants.swift; sourceTree = "<group>"; };
		93B179232E6EF62A00A6B491 /* MarkdownTheme.swift */ = {isa = PBXFileReference; lastKnownFileType = sourcecode.swift; path = MarkdownTheme.swift; sourceTree = "<group>"; };
		93B5009C2E5D81D500F38E50 /* libparquet_viewer.dylib */ = {isa = PBXFileReference; lastKnownFileType = "compiled.mach-o.dylib"; path = libparquet_viewer.dylib; sourceTree = "<group>"; };
		93B5009D2E5D81D500F38E50 /* parquet_viewer.h */ = {isa = PBXFileReference; lastKnownFileType = sourcecode.c.h; path = parquet_viewer.h; sourceTree = "<group>"; };
		93B5009E2E5D81D500F38E50 /* ParquetViewer.swift */ = {isa = PBXFileReference; lastKnownFileType = sourcecode.swift; path = ParquetViewer.swift; sourceTree = "<group>"; };
		93B55B482E5EF944001ECD91 /* AppEvent.swift */ = {isa = PBXFileReference; lastKnownFileType = sourcecode.swift; path = AppEvent.swift; sourceTree = "<group>"; };
		93B55B492E5EF944001ECD91 /* EventBatchProcessor.swift */ = {isa = PBXFileReference; lastKnownFileType = sourcecode.swift; path = EventBatchProcessor.swift; sourceTree = "<group>"; };
		93B55B4A2E5EF944001ECD91 /* EventManager.swift */ = {isa = PBXFileReference; lastKnownFileType = sourcecode.swift; path = EventManager.swift; sourceTree = "<group>"; };
		93B55B4B2E5EF944001ECD91 /* EventNetworkService.swift */ = {isa = PBXFileReference; lastKnownFileType = sourcecode.swift; path = EventNetworkService.swift; sourceTree = "<group>"; };
		93B55B4C2E5EF944001ECD91 /* EventStorage.swift */ = {isa = PBXFileReference; lastKnownFileType = sourcecode.swift; path = EventStorage.swift; sourceTree = "<group>"; };
		93C47C922E3312A00069B278 /* CodeEditor.swift */ = {isa = PBXFileReference; lastKnownFileType = sourcecode.swift; path = CodeEditor.swift; sourceTree = "<group>"; };
		93CECFE42E612F2000F5A131 /* AIModels.swift */ = {isa = PBXFileReference; lastKnownFileType = sourcecode.swift; path = AIModels.swift; sourceTree = "<group>"; };
		93CECFE62E612F2B00F5A131 /* AIChatView.swift */ = {isa = PBXFileReference; lastKnownFileType = sourcecode.swift; path = AIChatView.swift; sourceTree = "<group>"; };
		93CECFE72E612F2B00F5A131 /* AISettingsView.swift */ = {isa = PBXFileReference; lastKnownFileType = sourcecode.swift; path = AISettingsView.swift; sourceTree = "<group>"; };
		93CECFEA2E612F3400F5A131 /* ChatManager.swift */ = {isa = PBXFileReference; lastKnownFileType = sourcecode.swift; path = ChatManager.swift; sourceTree = "<group>"; };
		93DB98A22E635E5200E70747 /* ImageStorageService.swift */ = {isa = PBXFileReference; lastKnownFileType = sourcecode.swift; path = ImageStorageService.swift; sourceTree = "<group>"; };
		93DE0EA72E7AB9F200731598 /* AIProvider.swift */ = {isa = PBXFileReference; lastKnownFileType = sourcecode.swift; path = AIProvider.swift; sourceTree = "<group>"; };
		93DE0EA92E7ABA0300731598 /* ProviderManager.swift */ = {isa = PBXFileReference; lastKnownFileType = sourcecode.swift; path = ProviderManager.swift; sourceTree = "<group>"; };
		93DE0EAB2E7ABA1900731598 /* AddModelView.swift */ = {isa = PBXFileReference; lastKnownFileType = sourcecode.swift; path = AddModelView.swift; sourceTree = "<group>"; };
		93DE0EAC2E7ABA1900731598 /* AddProviderView.swift */ = {isa = PBXFileReference; lastKnownFileType = sourcecode.swift; path = AddProviderView.swift; sourceTree = "<group>"; };
		93DE0EAD2E7ABA1900731598 /* AIProviderDetailView.swift */ = {isa = PBXFileReference; lastKnownFileType = sourcecode.swift; path = AIProviderDetailView.swift; sourceTree = "<group>"; };
		93DE0EAE2E7ABA1900731598 /* AIProviderSettingsView.swift */ = {isa = PBXFileReference; lastKnownFileType = sourcecode.swift; path = AIProviderSettingsView.swift; sourceTree = "<group>"; };
		B41BCA88D09D488EA2A4ABAB /* CryptoToolsView.swift */ = {isa = PBXFileReference; lastKnownFileType = sourcecode.swift; path = CryptoToolsView.swift; sourceTree = "<group>"; };
		B822A4CAC32A426BA9E4E438123457 /* IPQueryView.swift */ = {isa = PBXFileReference; lastKnownFileType = sourcecode.swift; path = IPQueryView.swift; sourceTree = "<group>"; };
		BB51B2D620B842BA9AEC226E /* BaseConverterView.swift */ = {isa = PBXFileReference; lastKnownFileType = sourcecode.swift; path = BaseConverterView.swift; sourceTree = "<group>"; };
		C66E3643B7264A049FA9EFDF /* HexStringConverterView.swift */ = {isa = PBXFileReference; lastKnownFileType = sourcecode.swift; path = HexStringConverterView.swift; sourceTree = "<group>"; };
		D50B1BC668DF802C5A1B3000123456 /* RandomStringGenerator.swift */ = {isa = PBXFileReference; lastKnownFileType = sourcecode.swift; path = RandomStringGenerator.swift; sourceTree = "<group>"; };
		D53C36719A405D2C5A1B3000123456 /* RandomStringConfig.swift */ = {isa = PBXFileReference; lastKnownFileType = sourcecode.swift; path = RandomStringConfig.swift; sourceTree = "<group>"; };
		D59F4A10B6E7B92C5A1B3000123456 /* RandomStringView.swift */ = {isa = PBXFileReference; lastKnownFileType = sourcecode.swift; path = RandomStringView.swift; sourceTree = "<group>"; };
		D5F4E7F02C5A1B2E00123456 /* DevUtilities.app */ = {isa = PBXFileReference; explicitFileType = wrapper.application; includeInIndex = 0; path = DevUtilities.app; sourceTree = BUILT_PRODUCTS_DIR; };
		D5F4E7F52C5A1B2E00123456 /* ContentView.swift */ = {isa = PBXFileReference; lastKnownFileType = sourcecode.swift; path = ContentView.swift; sourceTree = "<group>"; };
		D5F4E7F72C5A1B2F00123456 /* Assets.xcassets */ = {isa = PBXFileReference; lastKnownFileType = folder.assetcatalog; path = Assets.xcassets; sourceTree = "<group>"; };
		D5F4E7FA2C5A1B2F00123456 /* Preview Assets.xcassets */ = {isa = PBXFileReference; lastKnownFileType = folder.assetcatalog; path = "Preview Assets.xcassets"; sourceTree = "<group>"; };
		D5F4E8012C5A1B3000123456 /* TimestampConverterView.swift */ = {isa = PBXFileReference; lastKnownFileType = sourcecode.swift; path = TimestampConverterView.swift; sourceTree = "<group>"; };
		D5F4E8032C5A1B3000123456 /* UnitConverterView.swift */ = {isa = PBXFileReference; lastKnownFileType = sourcecode.swift; path = UnitConverterView.swift; sourceTree = "<group>"; };
		D5F4E8052C5A1B3000123456 /* JSONFormatterView.swift */ = {isa = PBXFileReference; lastKnownFileType = sourcecode.swift; path = JSONFormatterView.swift; sourceTree = "<group>"; };
		D5F4E8072C5A1B3000123456 /* Base64View.swift */ = {isa = PBXFileReference; lastKnownFileType = sourcecode.swift; path = Base64View.swift; sourceTree = "<group>"; };
		D5F4E80B2C5A1B3000123456 /* RegexTestView.swift */ = {isa = PBXFileReference; lastKnownFileType = sourcecode.swift; path = RegexTestView.swift; sourceTree = "<group>"; };
		D5F4E80D2C5A1B3000123456 /* UUIDGeneratorView.swift */ = {isa = PBXFileReference; lastKnownFileType = sourcecode.swift; path = UUIDGeneratorView.swift; sourceTree = "<group>"; };
		D5F4E80F2C5A1B3000123456 /* URLToolsView.swift */ = {isa = PBXFileReference; lastKnownFileType = sourcecode.swift; path = URLToolsView.swift; sourceTree = "<group>"; };
		D5F4E8112C5A1B3000123456 /* ToolType.swift */ = {isa = PBXFileReference; lastKnownFileType = sourcecode.swift; path = ToolType.swift; sourceTree = "<group>"; };
		D5F4E8172C5A1B3000123456 /* TextEditor.swift */ = {isa = PBXFileReference; lastKnownFileType = sourcecode.swift; path = TextEditor.swift; sourceTree = "<group>"; };
		HTML8E8082C5A1B3000123456 /* HTMLFormatterView.swift */ = {isa = PBXFileReference; lastKnownFileType = sourcecode.swift; path = HTMLFormatterView.swift; sourceTree = "<group>"; };
		HTTP4E7F2C5A1B3000654322 /* HTTPRequestView.swift */ = {isa = PBXFileReference; lastKnownFileType = sourcecode.swift; path = HTTPRequestView.swift; sourceTree = "<group>"; };
		JWT4E8112C5A1B3000765432 /* JWTView.swift */ = {isa = PBXFileReference; lastKnownFileType = sourcecode.swift; path = JWTView.swift; sourceTree = "<group>"; };
		PQ3DE9092C5A1B3000234567 /* ParquetViewerView.swift */ = {isa = PBXFileReference; lastKnownFileType = sourcecode.swift; path = ParquetViewerView.swift; sourceTree = "<group>"; };
		QR2CE8082C5A1B3000123456 /* QRCodeView.swift */ = {isa = PBXFileReference; lastKnownFileType = sourcecode.swift; path = QRCodeView.swift; sourceTree = "<group>"; };
		SQL8E8082C5A1B3000123457 /* SQLFormatterView.swift */ = {isa = PBXFileReference; lastKnownFileType = sourcecode.swift; path = SQLFormatterView.swift; sourceTree = "<group>"; };
/* End PBXFileReference section */

/* Begin PBXFrameworksBuildPhase section */
		D5F4E7ED2C5A1B2E00123456 /* Frameworks */ = {
			isa = PBXFrameworksBuildPhase;
			buildActionMask = 2147483647;
			files = (
				9394F25B2E6290750069D7B9 /* MarkdownUI in Frameworks */,
				9332C0382E589984009E68BE /* CodeMirror-SwiftUI in Frameworks */,
				93B500A12E5D81D500F38E50 /* libparquet_viewer.dylib in Frameworks */,
			);
			runOnlyForDeploymentPostprocessing = 0;
		};
/* End PBXFrameworksBuildPhase section */

/* Begin PBXGroup section */
		93B5009F2E5D81D500F38E50 /* Frameworks */ = {
			isa = PBXGroup;
			children = (
				93B5009C2E5D81D500F38E50 /* libparquet_viewer.dylib */,
				93B5009D2E5D81D500F38E50 /* parquet_viewer.h */,
				93B5009E2E5D81D500F38E50 /* ParquetViewer.swift */,
			);
			path = Frameworks;
			sourceTree = "<group>";
		};
		93B55B4D2E5EF944001ECD91 /* Services */ = {
			isa = PBXGroup;
			children = (
				816683E82EADF7E70050027B /* AVSpeechService.swift */,
				93DE0EA92E7ABA0300731598 /* ProviderManager.swift */,
				93DB98A22E635E5200E70747 /* ImageStorageService.swift */,
				93CECFEA2E612F3400F5A131 /* ChatManager.swift */,
				934569042E5FFCD600491835 /* UpdateChecker.swift */,
				934569052E5FFCD600491835 /* VersionComparator.swift */,
				93B55B482E5EF944001ECD91 /* AppEvent.swift */,
				93B55B492E5EF944001ECD91 /* EventBatchProcessor.swift */,
				93B55B4A2E5EF944001ECD91 /* EventManager.swift */,
				93B55B4B2E5EF944001ECD91 /* EventNetworkService.swift */,
				93B55B4C2E5EF944001ECD91 /* EventStorage.swift */,
				D50B1BC668DF802C5A1B3000123456 /* RandomStringGenerator.swift */,
			);
			path = Services;
			sourceTree = "<group>";
		};
		D5F4E7E72C5A1B2E00123456 = {
			isa = PBXGroup;
			children = (
				93B5009F2E5D81D500F38E50 /* Frameworks */,
				D5F4E7F22C5A1B2E00123456 /* DevUtilities */,
				D5F4E7F12C5A1B2E00123456 /* Products */,
			);
			sourceTree = "<group>";
		};
		D5F4E7F12C5A1B2E00123456 /* Products */ = {
			isa = PBXGroup;
			children = (
				D5F4E7F02C5A1B2E00123456 /* DevUtilities.app */,
			);
			name = Products;
			sourceTree = "<group>";
		};
		D5F4E7F22C5A1B2E00123456 /* DevUtilities */ = {
			isa = PBXGroup;
			children = (
				818449F42E90D8E200398FEC /* DevUtilities.entitlements */,
				818449F52E90D8E200398FEC /* DevUtilitiesApp.swift */,
				9335BB142E66BC3E00C1AE74 /* Info.plist */,
				93B55B4D2E5EF944001ECD91 /* Services */,
				93A6A9202E588B98006A2798 /* Constants.swift */,
				D5F4E7F52C5A1B2E00123456 /* ContentView.swift */,
				D5F4E8132C5A1B3000123456 /* Views */,
				D5F4E8142C5A1B3000123456 /* Models */,
				D5F4E8152C5A1B3000123456 /* Components */,
				D5F4E7F72C5A1B2F00123456 /* Assets.xcassets */,
				D5F4E7F92C5A1B2F00123456 /* Preview Content */,
			);
			path = DevUtilities;
			sourceTree = "<group>";
		};
		D5F4E7F92C5A1B2F00123456 /* Preview Content */ = {
			isa = PBXGroup;
			children = (
				D5F4E7FA2C5A1B2F00123456 /* Preview Assets.xcassets */,
			);
			path = "Preview Content";
			sourceTree = "<group>";
		};
		D5F4E8132C5A1B3000123456 /* Views */ = {
			isa = PBXGroup;
			children = (
				8191E97A2EA524730035ADC7 /* ColorPickerView.swift */,
				81E0D1F22E8D51B200F2A91A /* AITranslateView.swift */,
				813459532E8A95FA003222BC /* FeatureSettingsView.swift */,
				93DE0EAB2E7ABA1900731598 /* AddModelView.swift */,
				93DE0EAC2E7ABA1900731598 /* AddProviderView.swift */,
				93DE0EAD2E7ABA1900731598 /* AIProviderDetailView.swift */,
				93DE0EAE2E7ABA1900731598 /* AIProviderSettingsView.swift */,
				93CECFE62E612F2B00F5A131 /* AIChatView.swift */,
				93CECFE72E612F2B00F5A131 /* AISettingsView.swift */,
				D5F4E8012C5A1B3000123456 /* TimestampConverterView.swift */,
				D5F4E8032C5A1B3000123456 /* UnitConverterView.swift */,
				D5F4E8052C5A1B3000123456 /* JSONFormatterView.swift */,
				D5F4E8072C5A1B3000123456 /* Base64View.swift */,
				C66E3643B7264A049FA9EFDF /* HexStringConverterView.swift */,
				BB51B2D620B842BA9AEC226E /* BaseConverterView.swift */,
				D5F4E80B2C5A1B3000123456 /* RegexTestView.swift */,
				D5F4E80D2C5A1B3000123456 /* UUIDGeneratorView.swift */,
				D59F4A10B6E7B92C5A1B3000123456 /* RandomStringView.swift */,
				D5F4E80F2C5A1B3000123456 /* URLToolsView.swift */,
				B822A4CAC32A426BA9E4E438123457 /* IPQueryView.swift */,
				HTTP4E7F2C5A1B3000654322 /* HTTPRequestView.swift */,
				QR2CE8082C5A1B3000123456 /* QRCodeView.swift */,
				PQ3DE9092C5A1B3000234567 /* ParquetViewerView.swift */,
				HTML8E8082C5A1B3000123456 /* HTMLFormatterView.swift */,
				SQL8E8082C5A1B3000123457 /* SQLFormatterView.swift */,
				JWT4E8112C5A1B3000765432 /* JWTView.swift */,
				B41BCA88D09D488EA2A4ABAB /* CryptoToolsView.swift */,
			);
			path = Views;
			sourceTree = "<group>";
		};
		D5F4E8142C5A1B3000123456 /* Models */ = {
			isa = PBXGroup;
			children = (
				81E0D1EB2E8D518E00F2A91A /* TranslationLanguage.swift */,
				81E0D1EC2E8D518E00F2A91A /* TranslationMode.swift */,
				81E0D1ED2E8D518E00F2A91A /* TranslationPrompts.swift */,
				813459512E8A95EA003222BC /* FeatureManager.swift */,
				93DE0EA72E7AB9F200731598 /* AIProvider.swift */,
				93CECFE42E612F2000F5A131 /* AIModels.swift */,
				D5F4E8112C5A1B3000123456 /* ToolType.swift */,
				D53C36719A405D2C5A1B3000123456 /* RandomStringConfig.swift */,
			);
			path = Models;
			sourceTree = "<group>";
		};
		D5F4E8152C5A1B3000123456 /* Components */ = {
			isa = PBXGroup;
			children = (
				816683EA2EADF7FC0050027B /* SpeakerButton.swift */,
				816683EB2EADF7FC0050027B /* SpeakerMotionView.swift */,
				93B179232E6EF62A00A6B491 /* MarkdownTheme.swift */,
				D5F4E8172C5A1B3000123456 /* TextEditor.swift */,
				93C47C922E3312A00069B278 /* CodeEditor.swift */,
			);
			path = Components;
			sourceTree = "<group>";
		};
/* End PBXGroup section */

/* Begin PBXNativeTarget section */
		D5F4E7EF2C5A1B2E00123456 /* DevUtilities */ = {
			isa = PBXNativeTarget;
			buildConfigurationList = D5F4E7FF2C5A1B2F00123456 /* Build configuration list for PBXNativeTarget "DevUtilities" */;
			buildPhases = (
				D5F4E7EC2C5A1B2E00123456 /* Sources */,
				D5F4E7ED2C5A1B2E00123456 /* Frameworks */,
				D5F4E7EE2C5A1B2E00123456 /* Resources */,
				930D8A462E328B4B00D2DC16 /* Embed Frameworks */,
			);
			buildRules = (
			);
			dependencies = (
			);
			name = DevUtilities;
			productName = DevUtilities;
			productReference = D5F4E7F02C5A1B2E00123456 /* DevUtilities.app */;
			productType = "com.apple.product-type.application";
		};
/* End PBXNativeTarget section */

/* Begin PBXProject section */
		D5F4E7E82C5A1B2E00123456 /* Project object */ = {
			isa = PBXProject;
			attributes = {
				BuildIndependentTargetsInParallel = 1;
				LastSwiftUpdateCheck = 1540;
				LastUpgradeCheck = 2600;
				TargetAttributes = {
					D5F4E7EF2C5A1B2E00123456 = {
						CreatedOnToolsVersion = 15.4;
					};
				};
			};
			buildConfigurationList = D5F4E7EB2C5A1B2E00123456 /* Build configuration list for PBXProject "DevUtilities" */;
			compatibilityVersion = "Xcode 14.0";
			developmentRegion = en;
			hasScannedForEncodings = 0;
			knownRegions = (
				en,
				Base,
			);
			mainGroup = D5F4E7E72C5A1B2E00123456;
			packageReferences = (
				9332C0332E5897DC009E68BE /* XCRemoteSwiftPackageReference "CodeMirror-SwiftUI" */,
				9394F2592E6290750069D7B9 /* XCRemoteSwiftPackageReference "swift-markdown-ui" */,
			);
			productRefGroup = D5F4E7F12C5A1B2E00123456 /* Products */;
			projectDirPath = "";
			projectRoot = "";
			targets = (
				D5F4E7EF2C5A1B2E00123456 /* DevUtilities */,
			);
		};
/* End PBXProject section */

/* Begin PBXResourcesBuildPhase section */
		D5F4E7EE2C5A1B2E00123456 /* Resources */ = {
			isa = PBXResourcesBuildPhase;
			buildActionMask = 2147483647;
			files = (
				D5F4E7FB2C5A1B2F00123456 /* Preview Assets.xcassets in Resources */,
				D5F4E7F82C5A1B2F00123456 /* Assets.xcassets in Resources */,
			);
			runOnlyForDeploymentPostprocessing = 0;
		};
/* End PBXResourcesBuildPhase section */

/* Begin PBXSourcesBuildPhase section */
		D5F4E7EC2C5A1B2E00123456 /* Sources */ = {
			isa = PBXSourcesBuildPhase;
			buildActionMask = 2147483647;
			files = (
				93C47C912E3312690069B278 /* IPQueryView.swift in Sources */,
				81E0D1F32E8D51B200F2A91A /* AITranslateView.swift in Sources */,
				93A6A9212E588B98006A2798 /* Constants.swift in Sources */,
				D5F4E8022C5A1B3000123456 /* TimestampConverterView.swift in Sources */,
				D5F4E8042C5A1B3000123456 /* UnitConverterView.swift in Sources */,
				D5F4E8062C5A1B3000123456 /* JSONFormatterView.swift in Sources */,
				D5F4E8082C5A1B3000123456 /* Base64View.swift in Sources */,
				7BADF8733C7C4EB4B3C07E84 /* HexStringConverterView.swift in Sources */,
				84B700DDC3D540AA80A1F943 /* BaseConverterView.swift in Sources */,
				934569062E5FFCD600491835 /* UpdateChecker.swift in Sources */,
				934569072E5FFCD600491835 /* VersionComparator.swift in Sources */,
				D5F4E80C2C5A1B3000123456 /* RegexTestView.swift in Sources */,
				93DE0EAA2E7ABA0300731598 /* ProviderManager.swift in Sources */,
				D5F4E80E2C5A1B3000123456 /* UUIDGeneratorView.swift in Sources */,
				8191E97B2EA524730035ADC7 /* ColorPickerView.swift in Sources */,
				93DE0EA82E7AB9F200731598 /* AIProvider.swift in Sources */,
				D5F4E8102C5A1B3000123456 /* URLToolsView.swift in Sources */,
				HTTP4E7F2C5A1B3000654321 /* HTTPRequestView.swift in Sources */,
				93C47C932E3312A00069B278 /* CodeEditor.swift in Sources */,
				816683EC2EADF7FC0050027B /* SpeakerMotionView.swift in Sources */,
				816683ED2EADF7FC0050027B /* SpeakerButton.swift in Sources */,
				813459542E8A95FA003222BC /* FeatureSettingsView.swift in Sources */,
				93CECFE82E612F2B00F5A131 /* AISettingsView.swift in Sources */,
				93CECFE92E612F2B00F5A131 /* AIChatView.swift in Sources */,
				D5F4E8122C5A1B3000123456 /* ToolType.swift in Sources */,
				D5F4E8162C5A1B3000123456 /* TextEditor.swift in Sources */,
				QR2CE8092C5A1B3000123456 /* QRCodeView.swift in Sources */,
				PQ3DE90A2C5A1B3000234567 /* ParquetViewerView.swift in Sources */,
				HTML8E8092C5A1B3000123456 /* HTMLFormatterView.swift in Sources */,
				SQL8E8092C5A1B3000123457 /* SQLFormatterView.swift in Sources */,
				JWT4E8102C5A1B3000765432 /* JWTView.swift in Sources */,
				B41BCA88D09D488EA2A4ABAC /* CryptoToolsView.swift in Sources */,
				93B55B4E2E5EF944001ECD91 /* EventBatchProcessor.swift in Sources */,
				93B179242E6EF63C00A6B491 /* MarkdownTheme.swift in Sources */,
				93CECFEB2E612F3400F5A131 /* ChatManager.swift in Sources */,
				93CECFE52E612F2000F5A131 /* AIModels.swift in Sources */,
				813459522E8A95EA003222BC /* FeatureManager.swift in Sources */,
				93B55B4F2E5EF944001ECD91 /* EventStorage.swift in Sources */,
				93B55B502E5EF944001ECD91 /* EventManager.swift in Sources */,
				93B55B512E5EF944001ECD91 /* AppEvent.swift in Sources */,
				93B55B522E5EF944001ECD91 /* EventNetworkService.swift in Sources */,
				D5F4E7F62C5A1B2E00123456 /* ContentView.swift in Sources */,
				93DB98A32E635E5200E70747 /* ImageStorageService.swift in Sources */,
				93DE0EAF2E7ABA1900731598 /* AIProviderDetailView.swift in Sources */,
				93DE0EB02E7ABA1900731598 /* AIProviderSettingsView.swift in Sources */,
				816683E92EADF7E70050027B /* AVSpeechService.swift in Sources */,
				93DE0EB12E7ABA1900731598 /* AddModelView.swift in Sources */,
				81E0D1EE2E8D518E00F2A91A /* TranslationLanguage.swift in Sources */,
				81E0D1EF2E8D518E00F2A91A /* TranslationPrompts.swift in Sources */,
				818449F62E90D8E200398FEC /* DevUtilitiesApp.swift in Sources */,
				81E0D1F12E8D518E00F2A91A /* TranslationMode.swift in Sources */,
				93DE0EB22E7ABA1900731598 /* AddProviderView.swift in Sources */,
				93B500A02E5D81D500F38E50 /* ParquetViewer.swift in Sources */,
				D5D7233B349D652C5A1B3000123456 /* RandomStringView.swift in Sources */,
				D55EA880013AC12C5A1B3000123456 /* RandomStringConfig.swift in Sources */,
				D5475F403A461C2C5A1B3000123456 /* RandomStringGenerator.swift in Sources */,
			);
			runOnlyForDeploymentPostprocessing = 0;
		};
/* End PBXSourcesBuildPhase section */

/* Begin XCBuildConfiguration section */
		D5F4E7FD2C5A1B2F00123456 /* Debug */ = {
			isa = XCBuildConfiguration;
			buildSettings = {
				ALWAYS_SEARCH_USER_PATHS = NO;
				ASSETCATALOG_COMPILER_GENERATE_SWIFT_ASSET_SYMBOL_EXTENSIONS = YES;
				CLANG_ANALYZER_NONNULL = YES;
				CLANG_ANALYZER_NUMBER_OBJECT_CONVERSION = YES_AGGRESSIVE;
				CLANG_CXX_LANGUAGE_STANDARD = "gnu++20";
				CLANG_ENABLE_MODULES = YES;
				CLANG_ENABLE_OBJC_ARC = YES;
				CLANG_ENABLE_OBJC_WEAK = YES;
				CLANG_WARN_BLOCK_CAPTURE_AUTORELEASING = YES;
				CLANG_WARN_BOOL_CONVERSION = YES;
				CLANG_WARN_COMMA = YES;
				CLANG_WARN_CONSTANT_CONVERSION = YES;
				CLANG_WARN_DEPRECATED_OBJC_IMPLEMENTATIONS = YES;
				CLANG_WARN_DIRECT_OBJC_ISA_USAGE = YES_ERROR;
				CLANG_WARN_DOCUMENTATION_COMMENTS = YES;
				CLANG_WARN_EMPTY_BODY = YES;
				CLANG_WARN_ENUM_CONVERSION = YES;
				CLANG_WARN_INFINITE_RECURSION = YES;
				CLANG_WARN_INT_CONVERSION = YES;
				CLANG_WARN_NON_LITERAL_NULL_CONVERSION = YES;
				CLANG_WARN_OBJC_IMPLICIT_RETAIN_SELF = YES;
				CLANG_WARN_OBJC_LITERAL_CONVERSION = YES;
				CLANG_WARN_OBJC_ROOT_CLASS = YES_ERROR;
				CLANG_WARN_QUOTED_INCLUDE_IN_FRAMEWORK_HEADER = YES;
				CLANG_WARN_RANGE_LOOP_ANALYSIS = YES;
				CLANG_WARN_STRICT_PROTOTYPES = YES;
				CLANG_WARN_SUSPICIOUS_MOVE = YES;
				CLANG_WARN_UNGUARDED_AVAILABILITY = YES_AGGRESSIVE;
				CLANG_WARN_UNREACHABLE_CODE = YES;
				CLANG_WARN__DUPLICATE_METHOD_MATCH = YES;
				COPY_PHASE_STRIP = NO;
				DEAD_CODE_STRIPPING = YES;
				DEBUG_INFORMATION_FORMAT = dwarf;
				DEVELOPMENT_TEAM = VS7S7V6J2F;
				ENABLE_STRICT_OBJC_MSGSEND = YES;
				ENABLE_TESTABILITY = YES;
				ENABLE_USER_SCRIPT_SANDBOXING = YES;
				GCC_C_LANGUAGE_STANDARD = gnu17;
				GCC_DYNAMIC_NO_PIC = NO;
				GCC_NO_COMMON_BLOCKS = YES;
				GCC_OPTIMIZATION_LEVEL = 0;
				GCC_PREPROCESSOR_DEFINITIONS = (
					"DEBUG=1",
					"$(inherited)",
				);
				GCC_WARN_64_TO_32_BIT_CONVERSION = YES;
				GCC_WARN_ABOUT_RETURN_TYPE = YES_ERROR;
				GCC_WARN_UNDECLARED_SELECTOR = YES;
				GCC_WARN_UNINITIALIZED_AUTOS = YES_AGGRESSIVE;
				GCC_WARN_UNUSED_FUNCTION = YES;
				GCC_WARN_UNUSED_VARIABLE = YES;
				LOCALIZATION_PREFERS_STRING_CATALOGS = YES;
				MACOSX_DEPLOYMENT_TARGET = 14.0;
				MTL_ENABLE_DEBUG_INFO = INCLUDE_SOURCE;
				MTL_FAST_MATH = YES;
				ONLY_ACTIVE_ARCH = YES;
				SDKROOT = macosx;
				STRING_CATALOG_GENERATE_SYMBOLS = YES;
				SWIFT_ACTIVE_COMPILATION_CONDITIONS = "DEBUG $(inherited)";
				SWIFT_OPTIMIZATION_LEVEL = "-Onone";
				SWIFT_VERSION = 6.0;
			};
			name = Debug;
		};
		D5F4E7FE2C5A1B2F00123456 /* Release */ = {
			isa = XCBuildConfiguration;
			buildSettings = {
				ALWAYS_SEARCH_USER_PATHS = NO;
				ASSETCATALOG_COMPILER_GENERATE_SWIFT_ASSET_SYMBOL_EXTENSIONS = YES;
				CLANG_ANALYZER_NONNULL = YES;
				CLANG_ANALYZER_NUMBER_OBJECT_CONVERSION = YES_AGGRESSIVE;
				CLANG_CXX_LANGUAGE_STANDARD = "gnu++20";
				CLANG_ENABLE_MODULES = YES;
				CLANG_ENABLE_OBJC_ARC = YES;
				CLANG_ENABLE_OBJC_WEAK = YES;
				CLANG_WARN_BLOCK_CAPTURE_AUTORELEASING = YES;
				CLANG_WARN_BOOL_CONVERSION = YES;
				CLANG_WARN_COMMA = YES;
				CLANG_WARN_CONSTANT_CONVERSION = YES;
				CLANG_WARN_DEPRECATED_OBJC_IMPLEMENTATIONS = YES;
				CLANG_WARN_DIRECT_OBJC_ISA_USAGE = YES_ERROR;
				CLANG_WARN_DOCUMENTATION_COMMENTS = YES;
				CLANG_WARN_EMPTY_BODY = YES;
				CLANG_WARN_ENUM_CONVERSION = YES;
				CLANG_WARN_INFINITE_RECURSION = YES;
				CLANG_WARN_INT_CONVERSION = YES;
				CLANG_WARN_NON_LITERAL_NULL_CONVERSION = YES;
				CLANG_WARN_OBJC_IMPLICIT_RETAIN_SELF = YES;
				CLANG_WARN_OBJC_LITERAL_CONVERSION = YES;
				CLANG_WARN_OBJC_ROOT_CLASS = YES_ERROR;
				CLANG_WARN_QUOTED_INCLUDE_IN_FRAMEWORK_HEADER = YES;
				CLANG_WARN_RANGE_LOOP_ANALYSIS = YES;
				CLANG_WARN_STRICT_PROTOTYPES = YES;
				CLANG_WARN_SUSPICIOUS_MOVE = YES;
				CLANG_WARN_UNGUARDED_AVAILABILITY = YES_AGGRESSIVE;
				CLANG_WARN_UNREACHABLE_CODE = YES;
				CLANG_WARN__DUPLICATE_METHOD_MATCH = YES;
				COPY_PHASE_STRIP = NO;
				DEAD_CODE_STRIPPING = YES;
				DEBUG_INFORMATION_FORMAT = "dwarf-with-dsym";
				DEVELOPMENT_TEAM = VS7S7V6J2F;
				ENABLE_NS_ASSERTIONS = NO;
				ENABLE_STRICT_OBJC_MSGSEND = YES;
				ENABLE_USER_SCRIPT_SANDBOXING = YES;
				GCC_C_LANGUAGE_STANDARD = gnu17;
				GCC_NO_COMMON_BLOCKS = YES;
				GCC_WARN_64_TO_32_BIT_CONVERSION = YES;
				GCC_WARN_ABOUT_RETURN_TYPE = YES_ERROR;
				GCC_WARN_UNDECLARED_SELECTOR = YES;
				GCC_WARN_UNINITIALIZED_AUTOS = YES_AGGRESSIVE;
				GCC_WARN_UNUSED_FUNCTION = YES;
				GCC_WARN_UNUSED_VARIABLE = YES;
				LOCALIZATION_PREFERS_STRING_CATALOGS = YES;
				MACOSX_DEPLOYMENT_TARGET = 14.0;
				MTL_ENABLE_DEBUG_INFO = NO;
				MTL_FAST_MATH = YES;
				SDKROOT = macosx;
				STRING_CATALOG_GENERATE_SYMBOLS = YES;
				SWIFT_COMPILATION_MODE = wholemodule;
				SWIFT_VERSION = 6.0;
			};
			name = Release;
		};
		D5F4E8002C5A1B2F00123456 /* Debug */ = {
			isa = XCBuildConfiguration;
			buildSettings = {
				ASSETCATALOG_COMPILER_APPICON_NAME = AppIcon;
				ASSETCATALOG_COMPILER_GLOBAL_ACCENT_COLOR_NAME = AccentColor;
				ASSETCATALOG_COMPILER_INCLUDE_ALL_APPICON_ASSETS = YES;
				"CODE_SIGN_IDENTITY[sdk=macosx*]" = "Apple Development";
				CODE_SIGN_STYLE = Automatic;
				COMBINE_HIDPI_IMAGES = YES;
				CURRENT_PROJECT_VERSION = 64;
				DEAD_CODE_STRIPPING = YES;
				DEVELOPMENT_ASSET_PATHS = "\"DevUtilities/Preview Content\"";
				DEVELOPMENT_TEAM = VS7S7V6J2F;
				ENABLE_APP_SANDBOX = YES;
				ENABLE_HARDENED_RUNTIME = YES;
				ENABLE_OUTGOING_NETWORK_CONNECTIONS = YES;
				ENABLE_PREVIEWS = YES;
				ENABLE_USER_SELECTED_FILES = readwrite;
				GENERATE_INFOPLIST_FILE = YES;
				INFOPLIST_FILE = DevUtilities/Info.plist;
				INFOPLIST_KEY_CFBundleDisplayName = "$(PRODUCT_NAME)";
				INFOPLIST_KEY_CFBundleName = "$(PRODUCT_NAME)";
				INFOPLIST_KEY_LSApplicationCategoryType = "public.app-category.developer-tools";
				INFOPLIST_KEY_LSMinimumSystemVersion = 14.0;
				INFOPLIST_KEY_NSHumanReadableCopyright = "Copyright © 2025 Hengfei Yang. All rights reserved.";
				LD_RUNPATH_SEARCH_PATHS = (
					"$(inherited)",
					"@executable_path/../Frameworks",
				);
				LIBRARY_SEARCH_PATHS = (
					"$(inherited)",
					"$(PROJECT_DIR)/Frameworks",
				);
				MARKETING_VERSION = 2.9.1;
				OTHER_CODE_SIGN_FLAGS = "--timestamp --options=runtime";
				PRODUCT_BUNDLE_IDENTIFIER = com.hengfeiyang.devutilities;
				PRODUCT_NAME = DevUtilities;
				SWIFT_EMIT_LOC_STRINGS = YES;
				SWIFT_VERSION = 6.0;
			};
			name = Debug;
		};
		D5F4E8012C5A1B2F00123456 /* Release */ = {
			isa = XCBuildConfiguration;
			buildSettings = {
				ASSETCATALOG_COMPILER_APPICON_NAME = AppIcon;
				ASSETCATALOG_COMPILER_GLOBAL_ACCENT_COLOR_NAME = AccentColor;
				ASSETCATALOG_COMPILER_INCLUDE_ALL_APPICON_ASSETS = YES;
				"CODE_SIGN_IDENTITY[sdk=macosx*]" = "Apple Development";
				CODE_SIGN_STYLE = Automatic;
				COMBINE_HIDPI_IMAGES = YES;
				CURRENT_PROJECT_VERSION = 64;
				DEAD_CODE_STRIPPING = YES;
				DEVELOPMENT_ASSET_PATHS = "\"DevUtilities/Preview Content\"";
				DEVELOPMENT_TEAM = VS7S7V6J2F;
				ENABLE_APP_SANDBOX = YES;
				ENABLE_HARDENED_RUNTIME = YES;
				ENABLE_OUTGOING_NETWORK_CONNECTIONS = YES;
				ENABLE_PREVIEWS = YES;
				ENABLE_USER_SELECTED_FILES = readwrite;
				GENERATE_INFOPLIST_FILE = YES;
				INFOPLIST_FILE = DevUtilities/Info.plist;
				INFOPLIST_KEY_CFBundleDisplayName = "$(PRODUCT_NAME)";
				INFOPLIST_KEY_CFBundleName = "$(PRODUCT_NAME)";
				INFOPLIST_KEY_LSApplicationCategoryType = "public.app-category.developer-tools";
				INFOPLIST_KEY_LSMinimumSystemVersion = 14.0;
				INFOPLIST_KEY_NSHumanReadableCopyright = "Copyright © 2025 Hengfei Yang. All rights reserved.";
				LD_RUNPATH_SEARCH_PATHS = (
					"$(inherited)",
					"@executable_path/../Frameworks",
				);
				LIBRARY_SEARCH_PATHS = (
					"$(inherited)",
					"$(PROJECT_DIR)/Frameworks",
				);
				MARKETING_VERSION = 2.9.1;
				OTHER_CODE_SIGN_FLAGS = "--timestamp --options=runtime";
				PRODUCT_BUNDLE_IDENTIFIER = com.hengfeiyang.devutilities;
				PRODUCT_NAME = DevUtilities;
				SWIFT_EMIT_LOC_STRINGS = YES;
				SWIFT_VERSION = 6.0;
			};
			name = Release;
		};
/* End XCBuildConfiguration section */

/* Begin XCConfigurationList section */
		D5F4E7EB2C5A1B2E00123456 /* Build configuration list for PBXProject "DevUtilities" */ = {
			isa = XCConfigurationList;
			buildConfigurations = (
				D5F4E7FD2C5A1B2F00123456 /* Debug */,
				D5F4E7FE2C5A1B2F00123456 /* Release */,
			);
			defaultConfigurationIsVisible = 0;
			defaultConfigurationName = Release;
		};
		D5F4E7FF2C5A1B2F00123456 /* Build configuration list for PBXNativeTarget "DevUtilities" */ = {
			isa = XCConfigurationList;
			buildConfigurations = (
				D5F4E8002C5A1B2F00123456 /* Debug */,
				D5F4E8012C5A1B2F00123456 /* Release */,
			);
			defaultConfigurationIsVisible = 0;
			defaultConfigurationName = Release;
		};
/* End XCConfigurationList section */

/* Begin XCRemoteSwiftPackageReference section */
		9332C0332E5897DC009E68BE /* XCRemoteSwiftPackageReference "CodeMirror-SwiftUI" */ = {
			isa = XCRemoteSwiftPackageReference;
			repositoryURL = "https://github.com/hengfeiyang/CodeMirror-SwiftUI";
			requirement = {
				branch = main;
				kind = branch;
			};
		};
		9394F2592E6290750069D7B9 /* XCRemoteSwiftPackageReference "swift-markdown-ui" */ = {
			isa = XCRemoteSwiftPackageReference;
			repositoryURL = "https://github.com/gonzalezreal/swift-markdown-ui";
			requirement = {
				branch = main;
				kind = branch;
			};
		};
/* End XCRemoteSwiftPackageReference section */

/* Begin XCSwiftPackageProductDependency section */
		9332C0372E589984009E68BE /* CodeMirror-SwiftUI */ = {
			isa = XCSwiftPackageProductDependency;
			package = 9332C0332E5897DC009E68BE /* XCRemoteSwiftPackageReference "CodeMirror-SwiftUI" */;
			productName = "CodeMirror-SwiftUI";
		};
		9394F25A2E6290750069D7B9 /* MarkdownUI */ = {
			isa = XCSwiftPackageProductDependency;
			package = 9394F2592E6290750069D7B9 /* XCRemoteSwiftPackageReference "swift-markdown-ui" */;
			productName = MarkdownUI;
		};
/* End XCSwiftPackageProductDependency section */
	};
	rootObject = D5F4E7E82C5A1B2E00123456 /* Project object */;
}
