{
  "originHash" : "71637b412dfa9200c2680f9307c73a26fdf6e09867f5e72e2c11802e8ee7413b",
  "pins" : [
    {
      "identity" : "codemirror-swiftui",
      "kind" : "remoteSourceControl",
      "location" : "https://github.com/hengfeiyang/CodeMirror-SwiftUI",
      "state" : {
        "branch" : "main",
        "revision" : "b72764e7c7cc01d657dd123feddc1b48f73acba8"
      }
    },
    {
      "identity" : "swift-concurrency-extras",
      "kind" : "remoteSourceControl",
      "location" : "https://github.com/pointfreeco/swift-concurrency-extras",
      "state" : {
        "revision" : "5a3825302b1a0d744183200915a47b508c828e6f",
        "version" : "1.3.2"
      }
    },
    {
      "identity" : "swiftui-math",
      "kind" : "remoteSourceControl",
      "location" : "https://github.com/gonzalezreal/swiftui-math",
      "state" : {
        "revision" : "0b5c2cfaaec8d6193db206f675048eeb5ce95f71",
        "version" : "0.1.0"
      }
    },
    {
      "identity" : "textual",
      "kind" : "remoteSourceControl",
      "location" : "https://github.com/gonzalezreal/textual",
      "state" : {
        "branch" : "main",
        "revision" : "5b06b811c0f5313b6b84bbef98c635a630638c38"
      }
    }
  ],
  "version" : 3
}
